// !$*UTF8*$!
{
	archiveVersion = 1;
	classes = {
	};
	objectVersion = 50;
	objects = {

/* Begin PBXBuildFile section */
		1D01D8E025E80BDE005430BE /* MenuManager.swift in Sources */ = {isa = PBXBuildFile; fileRef = 1D01D8DF25E80BDE005430BE /* MenuManager.swift */; };
		1D01D8E425E82620005430BE /* ListRowView.swift in Sources */ = {isa = PBXBuildFile; fileRef = 1D01D8E325E82620005430BE /* ListRowView.swift */; };
		1D01D8E725E82675005430BE /* ButtonView.swift in Sources */ = {isa = PBXBuildFile; fileRef = 1D01D8E625E82675005430BE /* ButtonView.swift */; };
		1D01D8EA25E82690005430BE /* StepperView.swift in Sources */ = {isa = PBXBuildFile; fileRef = 1D01D8E925E82690005430BE /* StepperView.swift */; };
		1DC4150D25DF37090092359D /* Cart.swift in Sources */ = {isa = PBXBuildFile; fileRef = 1DC4150C25DF37090092359D /* Cart.swift */; };
		1DE8481225D5B62E00EB834A /* OrderUpApp.swift in Sources */ = {isa = PBXBuildFile; fileRef = 1DE8481125D5B62E00EB834A /* OrderUpApp.swift */; };
		1DE8481425D5B62E00EB834A /* OrderView.swift in Sources */ = {isa = PBXBuildFile; fileRef = 1DE8481325D5B62E00EB834A /* OrderView.swift */; };
		1DE8481625D5B62F00EB834A /* Assets.xcassets in Resources */ = {isa = PBXBuildFile; fileRef = 1DE8481525D5B62F00EB834A /* Assets.xcassets */; };
		1DE8481925D5B62F00EB834A /* Preview Assets.xcassets in Resources */ = {isa = PBXBuildFile; fileRef = 1DE8481825D5B62F00EB834A /* Preview Assets.xcassets */; };
		1DF2AEA825D7136E00284948 /* MenuItem.swift in Sources */ = {isa = PBXBuildFile; fileRef = 1DF2AEA725D7136E00284948 /* MenuItem.swift */; };
		1DF2AEAB25D7139900284948 /* Category.swift in Sources */ = {isa = PBXBuildFile; fileRef = 1DF2AEAA25D7139900284948 /* Category.swift */; };
		1DF2AEAE25D713D800284948 /* CategoryRowView.swift in Sources */ = {isa = PBXBuildFile; fileRef = 1DF2AEAD25D713D800284948 /* CategoryRowView.swift */; };
		1DF2AEB125D7140400284948 /* CartView.swift in Sources */ = {isa = PBXBuildFile; fileRef = 1DF2AEB025D7140400284948 /* CartView.swift */; };
		1DF2AEB425D7148500284948 /* StoredData.swift in Sources */ = {isa = PBXBuildFile; fileRef = 1DF2AEB325D7148500284948 /* StoredData.swift */; };
/* End PBXBuildFile section */

/* Begin PBXFileReference section */
		1D01D8DF25E80BDE005430BE /* MenuManager.swift */ = {isa = PBXFileReference; lastKnownFileType = sourcecode.swift; path = MenuManager.swift; sourceTree = "<group>"; };
		1D01D8E325E82620005430BE /* ListRowView.swift */ = {isa = PBXFileReference; lastKnownFileType = sourcecode.swift; path = ListRowView.swift; sourceTree = "<group>"; };
		1D01D8E625E82675005430BE /* ButtonView.swift */ = {isa = PBXFileReference; lastKnownFileType = sourcecode.swift; path = ButtonView.swift; sourceTree = "<group>"; };
		1D01D8E925E82690005430BE /* StepperView.swift */ = {isa = PBXFileReference; lastKnownFileType = sourcecode.swift; path = StepperView.swift; sourceTree = "<group>"; };
		1DC4150C25DF37090092359D /* Cart.swift */ = {isa = PBXFileReference; lastKnownFileType = sourcecode.swift; path = Cart.swift; sourceTree = "<group>"; };
		1DE8480E25D5B62E00EB834A /* OrderUp.app */ = {isa = PBXFileReference; explicitFileType = wrapper.application; includeInIndex = 0; path = OrderUp.app; sourceTree = BUILT_PRODUCTS_DIR; };
		1DE8481125D5B62E00EB834A /* OrderUpApp.swift */ = {isa = PBXFileReference; lastKnownFileType = sourcecode.swift; path = OrderUpApp.swift; sourceTree = "<group>"; };
		1DE8481325D5B62E00EB834A /* OrderView.swift */ = {isa = PBXFileReference; lastKnownFileType = sourcecode.swift; path = OrderView.swift; sourceTree = "<group>"; };
		1DE8481525D5B62F00EB834A /* Assets.xcassets */ = {isa = PBXFileReference; lastKnownFileType = folder.assetcatalog; path = Assets.xcassets; sourceTree = "<group>"; };
		1DE8481825D5B62F00EB834A /* Preview Assets.xcassets */ = {isa = PBXFileReference; lastKnownFileType = folder.assetcatalog; path = "Preview Assets.xcassets"; sourceTree = "<group>"; };
		1DE8481A25D5B62F00EB834A /* Info.plist */ = {isa = PBXFileReference; lastKnownFileType = text.plist.xml; path = Info.plist; sourceTree = "<group>"; };
		1DF2AEA725D7136E00284948 /* MenuItem.swift */ = {isa = PBXFileReference; lastKnownFileType = sourcecode.swift; path = MenuItem.swift; sourceTree = "<group>"; };
		1DF2AEAA25D7139900284948 /* Category.swift */ = {isa = PBXFileReference; lastKnownFileType = sourcecode.swift; path = Category.swift; sourceTree = "<group>"; };
		1DF2AEAD25D713D800284948 /* CategoryRowView.swift */ = {isa = PBXFileReference; lastKnownFileType = sourcecode.swift; path = CategoryRowView.swift; sourceTree = "<group>"; };
		1DF2AEB025D7140400284948 /* CartView.swift */ = {isa = PBXFileReference; lastKnownFileType = sourcecode.swift; path = CartView.swift; sourceTree = "<group>"; };
		1DF2AEB325D7148500284948 /* StoredData.swift */ = {isa = PBXFileReference; lastKnownFileType = sourcecode.swift; path = StoredData.swift; sourceTree = "<group>"; };
/* End PBXFileReference section */

/* Begin PBXFrameworksBuildPhase section */
		1DE8480B25D5B62E00EB834A /* Frameworks */ = {
			isa = PBXFrameworksBuildPhase;
			buildActionMask = 2147483647;
			files = (
			);
			runOnlyForDeploymentPostprocessing = 0;
		};
/* End PBXFrameworksBuildPhase section */

/* Begin PBXGroup section */
		1D01D8EC25E826CA005430BE /* Singleton */ = {
			isa = PBXGroup;
			children = (
				1D01D8DF25E80BDE005430BE /* MenuManager.swift */,
			);
			path = Singleton;
			sourceTree = "<group>";
		};
		1DE8480525D5B62E00EB834A = {
			isa = PBXGroup;
			children = (
				1DE8481025D5B62E00EB834A /* OrderUp */,
				1DE8480F25D5B62E00EB834A /* Products */,
			);
			sourceTree = "<group>";
		};
		1DE8480F25D5B62E00EB834A /* Products */ = {
			isa = PBXGroup;
			children = (
				1DE8480E25D5B62E00EB834A /* OrderUp.app */,
			);
			name = Products;
			sourceTree = "<group>";
		};
		1DE8481025D5B62E00EB834A /* OrderUp */ = {
			isa = PBXGroup;
			children = (
				1D01D8EC25E826CA005430BE /* Singleton */,
				1DE8482125D5B85B00EB834A /* Model */,
				1DE8482225D5B86100EB834A /* Views */,
				1DE8481125D5B62E00EB834A /* OrderUpApp.swift */,
				1DE8481525D5B62F00EB834A /* Assets.xcassets */,
				1DE8481A25D5B62F00EB834A /* Info.plist */,
				1DE8481725D5B62F00EB834A /* Preview Content */,
			);
			path = OrderUp;
			sourceTree = "<group>";
		};
		1DE8481725D5B62F00EB834A /* Preview Content */ = {
			isa = PBXGroup;
			children = (
				1DE8481825D5B62F00EB834A /* Preview Assets.xcassets */,
			);
			path = "Preview Content";
			sourceTree = "<group>";
		};
		1DE8482125D5B85B00EB834A /* Model */ = {
			isa = PBXGroup;
			children = (
				1DF2AEA725D7136E00284948 /* MenuItem.swift */,
				1DF2AEAA25D7139900284948 /* Category.swift */,
				1DF2AEB325D7148500284948 /* StoredData.swift */,
				1DC4150C25DF37090092359D /* Cart.swift */,
			);
			path = Model;
			sourceTree = "<group>";
		};
		1DE8482225D5B86100EB834A /* Views */ = {
			isa = PBXGroup;
			children = (
				1DE8481325D5B62E00EB834A /* OrderView.swift */,
				1DF2AEAD25D713D800284948 /* CategoryRowView.swift */,
				1DF2AEB025D7140400284948 /* CartView.swift */,
				1D01D8E325E82620005430BE /* ListRowView.swift */,
				1D01D8E625E82675005430BE /* ButtonView.swift */,
				1D01D8E925E82690005430BE /* StepperView.swift */,
			);
			path = Views;
			sourceTree = "<group>";
		};
/* End PBXGroup section */

/* Begin PBXNativeTarget section */
		1DE8480D25D5B62E00EB834A /* OrderUp */ = {
			isa = PBXNativeTarget;
			buildConfigurationList = 1DE8481D25D5B62F00EB834A /* Build configuration list for PBXNativeTarget "OrderUp" */;
			buildPhases = (
				1DE8480A25D5B62E00EB834A /* Sources */,
				1DE8480B25D5B62E00EB834A /* Frameworks */,
				1DE8480C25D5B62E00EB834A /* Resources */,
			);
			buildRules = (
			);
			dependencies = (
			);
			name = OrderUp;
			productName = OrderUp;
			productReference = 1DE8480E25D5B62E00EB834A /* OrderUp.app */;
			productType = "com.apple.product-type.application";
		};
/* End PBXNativeTarget section */

/* Begin PBXProject section */
		1DE8480625D5B62E00EB834A /* Project object */ = {
			isa = PBXProject;
			attributes = {
				LastSwiftUpdateCheck = 1230;
				LastUpgradeCheck = 1230;
				TargetAttributes = {
					1DE8480D25D5B62E00EB834A = {
						CreatedOnToolsVersion = 12.3;
					};
				};
			};
			buildConfigurationList = 1DE8480925D5B62E00EB834A /* Build configuration list for PBXProject "OrderUp" */;
			compatibilityVersion = "Xcode 9.3";
			developmentRegion = en;
			hasScannedForEncodings = 0;
			knownRegions = (
				en,
				Base,
			);
			mainGroup = 1DE8480525D5B62E00EB834A;
			productRefGroup = 1DE8480F25D5B62E00EB834A /* Products */;
			projectDirPath = "";
			projectRoot = "";
			targets = (
				1DE8480D25D5B62E00EB834A /* OrderUp */,
			);
		};
/* End PBXProject section */

/* Begin PBXResourcesBuildPhase section */
		1DE8480C25D5B62E00EB834A /* Resources */ = {
			isa = PBXResourcesBuildPhase;
			buildActionMask = 2147483647;
			files = (
				1DE8481925D5B62F00EB834A /* Preview Assets.xcassets in Resources */,
				1DE8481625D5B62F00EB834A /* Assets.xcassets in Resources */,
			);
			runOnlyForDeploymentPostprocessing = 0;
		};
/* End PBXResourcesBuildPhase section */

/* Begin PBXSourcesBuildPhase section */
		1DE8480A25D5B62E00EB834A /* Sources */ = {
			isa = PBXSourcesBuildPhase;
			buildActionMask = 2147483647;
			files = (
				1DF2AEB125D7140400284948 /* CartView.swift in Sources */,
				1DF2AEA825D7136E00284948 /* MenuItem.swift in Sources */,
				1DF2AEB425D7148500284948 /* StoredData.swift in Sources */,
				1DF2AEAE25D713D800284948 /* CategoryRowView.swift in Sources */,
				1DE8481425D5B62E00EB834A /* OrderView.swift in Sources */,
				1DE8481225D5B62E00EB834A /* OrderUpApp.swift in Sources */,
				1D01D8E725E82675005430BE /* ButtonView.swift in Sources */,
				1D01D8E025E80BDE005430BE /* MenuManager.swift in Sources */,
				1D01D8E425E82620005430BE /* ListRowView.swift in Sources */,
				1DF2AEAB25D7139900284948 /* Category.swift in Sources */,
				1D01D8EA25E82690005430BE /* StepperView.swift in Sources */,
				1DC4150D25DF37090092359D /* Cart.swift in Sources */,
			);
			runOnlyForDeploymentPostprocessing = 0;
		};
/* End PBXSourcesBuildPhase section */

/* Begin XCBuildConfiguration section */
		1DE8481B25D5B62F00EB834A /* Debug */ = {
			isa = XCBuildConfiguration;
			buildSettings = {
				ALWAYS_SEARCH_USER_PATHS = NO;
				CLANG_ANALYZER_NONNULL = YES;
				CLANG_ANALYZER_NUMBER_OBJECT_CONVERSION = YES_AGGRESSIVE;
				CLANG_CXX_LANGUAGE_STANDARD = "gnu++14";
				CLANG_CXX_LIBRARY = "libc++";
				CLANG_ENABLE_MODULES = YES;
				CLANG_ENABLE_OBJC_ARC = YES;
				CLANG_ENABLE_OBJC_WEAK = YES;
				CLANG_WARN_BLOCK_CAPTURE_AUTORELEASING = YES;
				CLANG_WARN_BOOL_CONVERSION = YES;
				CLANG_WARN_COMMA = YES;
				CLANG_WARN_CONSTANT_CONVERSION = YES;
				CLANG_WARN_DEPRECATED_OBJC_IMPLEMENTATIONS = YES;
				CLANG_WARN_DIRECT_OBJC_ISA_USAGE = YES_ERROR;
				CLANG_WARN_DOCUMENTATION_COMMENTS = YES;
				CLANG_WARN_EMPTY_BODY = YES;
				CLANG_WARN_ENUM_CONVERSION = YES;
				CLANG_WARN_INFINITE_RECURSION = YES;
				CLANG_WARN_INT_CONVERSION = YES;
				CLANG_WARN_NON_LITERAL_NULL_CONVERSION = YES;
				CLANG_WARN_OBJC_IMPLICIT_RETAIN_SELF = YES;
				CLANG_WARN_OBJC_LITERAL_CONVERSION = YES;
				CLANG_WARN_OBJC_ROOT_CLASS = YES_ERROR;
				CLANG_WARN_QUOTED_INCLUDE_IN_FRAMEWORK_HEADER = YES;
				CLANG_WARN_RANGE_LOOP_ANALYSIS = YES;
				CLANG_WARN_STRICT_PROTOTYPES = YES;
				CLANG_WARN_SUSPICIOUS_MOVE = YES;
				CLANG_WARN_UNGUARDED_AVAILABILITY = YES_AGGRESSIVE;
				CLANG_WARN_UNREACHABLE_CODE = YES;
				CLANG_WARN__DUPLICATE_METHOD_MATCH = YES;
				COPY_PHASE_STRIP = NO;
				DEBUG_INFORMATION_FORMAT = dwarf;
				ENABLE_STRICT_OBJC_MSGSEND = YES;
				ENABLE_TESTABILITY = YES;
				GCC_C_LANGUAGE_STANDARD = gnu11;
				GCC_DYNAMIC_NO_PIC = NO;
				GCC_NO_COMMON_BLOCKS = YES;
				GCC_OPTIMIZATION_LEVEL = 0;
				GCC_PREPROCESSOR_DEFINITIONS = (
					"DEBUG=1",
					"$(inherited)",
				);
				GCC_WARN_64_TO_32_BIT_CONVERSION = YES;
				GCC_WARN_ABOUT_RETURN_TYPE = YES_ERROR;
				GCC_WARN_UNDECLARED_SELECTOR = YES;
				GCC_WARN_UNINITIALIZED_AUTOS = YES_AGGRESSIVE;
				GCC_WARN_UNUSED_FUNCTION = YES;
				GCC_WARN_UNUSED_VARIABLE = YES;
				IPHONEOS_DEPLOYMENT_TARGET = 14.3;
				MTL_ENABLE_DEBUG_INFO = INCLUDE_SOURCE;
				MTL_FAST_MATH = YES;
				ONLY_ACTIVE_ARCH = YES;
				SDKROOT = iphoneos;
				SWIFT_ACTIVE_COMPILATION_CONDITIONS = DEBUG;
				SWIFT_OPTIMIZATION_LEVEL = "-Onone";
			};
			name = Debug;
		};
		1DE8481C25D5B62F00EB834A /* Release */ = {
			isa = XCBuildConfiguration;
			buildSettings = {
				ALWAYS_SEARCH_USER_PATHS = NO;
				CLANG_ANALYZER_NONNULL = YES;
				CLANG_ANALYZER_NUMBER_OBJECT_CONVERSION = YES_AGGRESSIVE;
				CLANG_CXX_LANGUAGE_STANDARD = "gnu++14";
				CLANG_CXX_LIBRARY = "libc++";
				CLANG_ENABLE_MODULES = YES;
				CLANG_ENABLE_OBJC_ARC = YES;
				CLANG_ENABLE_OBJC_WEAK = YES;
				CLANG_WARN_BLOCK_CAPTURE_AUTORELEASING = YES;
				CLANG_WARN_BOOL_CONVERSION = YES;
				CLANG_WARN_COMMA = YES;
				CLANG_WARN_CONSTANT_CONVERSION = YES;
				CLANG_WARN_DEPRECATED_OBJC_IMPLEMENTATIONS = YES;
				CLANG_WARN_DIRECT_OBJC_ISA_USAGE = YES_ERROR;
				CLANG_WARN_DOCUMENTATION_COMMENTS = YES;
				CLANG_WARN_EMPTY_BODY = YES;
				CLANG_WARN_ENUM_CONVERSION = YES;
				CLANG_WARN_INFINITE_RECURSION = YES;
				CLANG_WARN_INT_CONVERSION = YES;
				CLANG_WARN_NON_LITERAL_NULL_CONVERSION = YES;
				CLANG_WARN_OBJC_IMPLICIT_RETAIN_SELF = YES;
				CLANG_WARN_OBJC_LITERAL_CONVERSION = YES;
				CLANG_WARN_OBJC_ROOT_CLASS = YES_ERROR;
				CLANG_WARN_QUOTED_INCLUDE_IN_FRAMEWORK_HEADER = YES;
				CLANG_WARN_RANGE_LOOP_ANALYSIS = YES;
				CLANG_WARN_STRICT_PROTOTYPES = YES;
				CLANG_WARN_SUSPICIOUS_MOVE = YES;
				CLANG_WARN_UNGUARDED_AVAILABILITY = YES_AGGRESSIVE;
				CLANG_WARN_UNREACHABLE_CODE = YES;
				CLANG_WARN__DUPLICATE_METHOD_MATCH = YES;
				COPY_PHASE_STRIP = NO;
				DEBUG_INFORMATION_FORMAT = "dwarf-with-dsym";
				ENABLE_NS_ASSERTIONS = NO;
				ENABLE_STRICT_OBJC_MSGSEND = YES;
				GCC_C_LANGUAGE_STANDARD = gnu11;
				GCC_NO_COMMON_BLOCKS = YES;
				GCC_WARN_64_TO_32_BIT_CONVERSION = YES;
				GCC_WARN_ABOUT_RETURN_TYPE = YES_ERROR;
				GCC_WARN_UNDECLARED_SELECTOR = YES;
				GCC_WARN_UNINITIALIZED_AUTOS = YES_AGGRESSIVE;
				GCC_WARN_UNUSED_FUNCTION = YES;
				GCC_WARN_UNUSED_VARIABLE = YES;
				IPHONEOS_DEPLOYMENT_TARGET = 14.3;
				MTL_ENABLE_DEBUG_INFO = NO;
				MTL_FAST_MATH = YES;
				SDKROOT = iphoneos;
				SWIFT_COMPILATION_MODE = wholemodule;
				SWIFT_OPTIMIZATION_LEVEL = "-O";
				VALIDATE_PRODUCT = YES;
			};
			name = Release;
		};
		1DE8481E25D5B62F00EB834A /* Debug */ = {
			isa = XCBuildConfiguration;
			buildSettings = {
				ASSETCATALOG_COMPILER_APPICON_NAME = AppIcon;
				ASSETCATALOG_COMPILER_GLOBAL_ACCENT_COLOR_NAME = AccentColor;
				CODE_SIGN_STYLE = Automatic;
				DEVELOPMENT_ASSET_PATHS = "\"OrderUp/Preview Content\"";
				DEVELOPMENT_TEAM = 5525GJ5XAJ;
				ENABLE_PREVIEWS = YES;
				INFOPLIST_FILE = OrderUp/Info.plist;
				IPHONEOS_DEPLOYMENT_TARGET = 14.0;
				LD_RUNPATH_SEARCH_PATHS = (
					"$(inherited)",
					"@executable_path/Frameworks",
				);
				PRODUCT_BUNDLE_IDENTIFIER = com.rickmartinez.OrderUp;
				PRODUCT_NAME = "$(TARGET_NAME)";
				SWIFT_VERSION = 5.0;
				TARGETED_DEVICE_FAMILY = "1,2";
			};
			name = Debug;
		};
		1DE8481F25D5B62F00EB834A /* Release */ = {
			isa = XCBuildConfiguration;
			buildSettings = {
				ASSETCATALOG_COMPILER_APPICON_NAME = AppIcon;
				ASSETCATALOG_COMPILER_GLOBAL_ACCENT_COLOR_NAME = AccentColor;
				CODE_SIGN_STYLE = Automatic;
				DEVELOPMENT_ASSET_PATHS = "\"OrderUp/Preview Content\"";
				DEVELOPMENT_TEAM = 5525GJ5XAJ;
				ENABLE_PREVIEWS = YES;
				INFOPLIST_FILE = OrderUp/Info.plist;
				IPHONEOS_DEPLOYMENT_TARGET = 14.0;
				LD_RUNPATH_SEARCH_PATHS = (
					"$(inherited)",
					"@executable_path/Frameworks",
				);
				PRODUCT_BUNDLE_IDENTIFIER = com.rickmartinez.OrderUp;
				PRODUCT_NAME = "$(TARGET_NAME)";
				SWIFT_VERSION = 5.0;
				TARGETED_DEVICE_FAMILY = "1,2";
			};
			name = Release;
		};
/* End XCBuildConfiguration section */

/* Begin XCConfigurationList section */
		1DE8480925D5B62E00EB834A /* Build configuration list for PBXProject "OrderUp" */ = {
			isa = XCConfigurationList;
			buildConfigurations = (
				1DE8481B25D5B62F00EB834A /* Debug */,
				1DE8481C25D5B62F00EB834A /* Release */,
			);
			defaultConfigurationIsVisible = 0;
			defaultConfigurationName = Release;
		};
		1DE8481D25D5B62F00EB834A /* Build configuration list for PBXNativeTarget "OrderUp" */ = {
			isa = XCConfigurationList;
			buildConfigurations = (
				1DE8481E25D5B62F00EB834A /* Debug */,
				1DE8481F25D5B62F00EB834A /* Release */,
			);
			defaultConfigurationIsVisible = 0;
			defaultConfigurationName = Release;
		};
/* End XCConfigurationList section */
	};
	rootObject = 1DE8480625D5B62E00EB834A /* Project object */;
}
